// !$*UTF8*$!
{
	archiveVersion = 1;
	classes = {
	};
	objectVersion = 100;
	objects = {

/* Begin PBXBuildFile section */
		9F4215393042459E00DDEB08 /* librpl.dylib in Frameworks */ = {isa = PBXBuildFile; fileRef = 9FDD786B30414F5900A62C18 /* librpl.dylib */; };
		9FDD787030414F7200A62C18 /* librpl.dylib in Frameworks */ = {isa = PBXBuildFile; fileRef = 9FDD786B30414F5900A62C18 /* librpl.dylib */; };
		9FDD787130414F7200A62C18 /* librpl.dylib in Embed Libraries */ = {isa = PBXBuildFile; fileRef = 9FDD786B30414F5900A62C18 /* librpl.dylib */; settings = {ATTRIBUTES = (CodeSignOnCopy, ); }; };
/* End PBXBuildFile section */

/* Begin PBXContainerItemProxy section */
		9F42153A3042459E00DDEB08 /* PBXContainerItemProxy */ = {
			isa = PBXContainerItemProxy;
			containerPortal = 9FDD768630411A3600A62C18 /* Project object */;
			proxyType = 1;
			remoteGlobalIDString = 9FDD786A30414F5900A62C18;
			remoteInfo = librpl;
		};
		9FDD787230414F7200A62C18 /* PBXContainerItemProxy */ = {
			isa = PBXContainerItemProxy;
			containerPortal = 9FDD768630411A3600A62C18 /* Project object */;
			proxyType = 1;
			remoteGlobalIDString = 9FDD786A30414F5900A62C18;
			remoteInfo = librpl;
		};
/* End PBXContainerItemProxy section */

/* Begin PBXCopyFilesBuildPhase section */
		9FDD768C30411A3600A62C18 /* CopyFiles */ = {
			isa = PBXCopyFilesBuildPhase;
			dstPath = /usr/share/man/man1/;
			dstSubfolder = None;
			files = (
			);
			runOnlyForDeploymentPostprocessing = 1;
		};
		9FDD787430414F7200A62C18 /* Embed Libraries */ = {
			isa = PBXCopyFilesBuildPhase;
			dstPath = "";
			dstSubfolder = Frameworks;
			files = (
				9FDD787130414F7200A62C18 /* librpl.dylib in Embed Libraries */,
			);
			name = "Embed Libraries";
		};
/* End PBXCopyFilesBuildPhase section */

/* Begin PBXFileReference section */
		9F4215353042459E00DDEB08 /* librplTests.xctest */ = {isa = PBXFileReference; explicitFileType = wrapper.cfbundle; includeInIndex = 0; path = librplTests.xctest; sourceTree = BUILT_PRODUCTS_DIR; };
		9FDD768E30411A3600A62C18 /* RPL */ = {isa = PBXFileReference; explicitFileType = "compiled.mach-o.executable"; includeInIndex = 0; path = RPL; sourceTree = BUILT_PRODUCTS_DIR; };
		9FDD786B30414F5900A62C18 /* librpl.dylib */ = {isa = PBXFileReference; explicitFileType = "compiled.mach-o.dylib"; includeInIndex = 0; path = librpl.dylib; sourceTree = BUILT_PRODUCTS_DIR; };
/* End PBXFileReference section */

/* Begin PBXFileSystemSynchronizedBuildFileExceptionSet section */
		9F4215473042475B00DDEB08 /* Exceptions for "librpl" folder in "librpl" target */ = {
			isa = PBXFileSystemSynchronizedBuildFileExceptionSet;
			publicHeaders = (
				rpl_array.h,
				rpl_complex.h,
				rpl_context.h,
				rpl_defines.h,
				rpl_environment.h,
				rpl_integer.h,
				rpl_list.h,
				rpl_name.h,
				rpl_program.h,
				rpl_real.h,
				rpl_stack.h,
				rpl_string.h,
				rpl_tagged.h,
				rpl_unit.h,
				rpl_value.h,
				rpl.h,
			);
			target = 9FDD786A30414F5900A62C18 /* librpl */;
		};
/* End PBXFileSystemSynchronizedBuildFileExceptionSet section */

/* Begin PBXFileSystemSynchronizedRootGroup section */
		9F4215363042459E00DDEB08 /* librplTests */ = {
			isa = PBXFileSystemSynchronizedRootGroup;
			path = librplTests;
			sourceTree = "<group>";
		};
		9FDD769030411A3600A62C18 /* RPL */ = {
			isa = PBXFileSystemSynchronizedRootGroup;
			path = RPL;
			sourceTree = "<group>";
		};
		9FDD787530414FC500A62C18 /* librpl */ = {
			isa = PBXFileSystemSynchronizedRootGroup;
			exceptions = (
				9F4215473042475B00DDEB08 /* Exceptions for "librpl" folder in "librpl" target */,
			);
			path = librpl;
			sourceTree = "<group>";
		};
/* End PBXFileSystemSynchronizedRootGroup section */

/* Begin PBXFrameworksBuildPhase section */
		9F4215323042459E00DDEB08 /* Frameworks */ = {
			isa = PBXFrameworksBuildPhase;
			files = (
				9F4215393042459E00DDEB08 /* librpl.dylib in Frameworks */,
			);
		};
		9FDD768B30411A3600A62C18 /* Frameworks */ = {
			isa = PBXFrameworksBuildPhase;
			files = (
				9FDD787030414F7200A62C18 /* librpl.dylib in Frameworks */,
			);
		};
		9FDD786930414F5900A62C18 /* Frameworks */ = {
			isa = PBXFrameworksBuildPhase;
			files = (
			);
		};
/* End PBXFrameworksBuildPhase section */

/* Begin PBXGroup section */
		9FDD768530411A3600A62C18 = {
			isa = PBXGroup;
			children = (
				9FDD769030411A3600A62C18 /* RPL */,
				9FDD787530414FC500A62C18 /* librpl */,
				9F4215363042459E00DDEB08 /* librplTests */,
				9FDD768F30411A3600A62C18 /* Products */,
			);
			sourceTree = "<group>";
			tabWidth = 8;
			usesTabs = 1;
		};
		9FDD768F30411A3600A62C18 /* Products */ = {
			isa = PBXGroup;
			children = (
				9FDD768E30411A3600A62C18 /* RPL */,
				9FDD786B30414F5900A62C18 /* librpl.dylib */,
				9F4215353042459E00DDEB08 /* librplTests.xctest */,
			);
			name = Products;
			sourceTree = "<group>";
		};
/* End PBXGroup section */

/* Begin PBXHeadersBuildPhase section */
		9F4215453042473700DDEB08 /* Headers */ = {
			isa = PBXHeadersBuildPhase;
			files = (
			);
		};
		9FDD786730414F5900A62C18 /* Headers */ = {
			isa = PBXHeadersBuildPhase;
			files = (
			);
		};
/* End PBXHeadersBuildPhase section */

/* Begin PBXNativeTarget section */
		9F4215343042459E00DDEB08 /* librplTests */ = {
			isa = PBXNativeTarget;
			buildConfigurationList = 9F42153E3042459E00DDEB08 /* Build configuration list for PBXNativeTarget "librplTests" */;
			buildPhases = (
				9F4215453042473700DDEB08 /* Headers */,
				9F4215313042459E00DDEB08 /* Sources */,
				9F4215323042459E00DDEB08 /* Frameworks */,
				9F4215333042459E00DDEB08 /* Resources */,
			);
			buildRules = (
			);
			dependencies = (
				9F42153B3042459E00DDEB08 /* PBXTargetDependency */,
			);
			fileSystemSynchronizedGroups = (
				9F4215363042459E00DDEB08 /* librplTests */,
			);
			name = librplTests;
			productName = librplTests;
			productReference = 9F4215353042459E00DDEB08 /* librplTests.xctest */;
			productType = "com.apple.product-type.bundle.unit-test";
		};
		9FDD768D30411A3600A62C18 /* RPL */ = {
			isa = PBXNativeTarget;
			buildConfigurationList = 9FDD769530411A3600A62C18 /* Build configuration list for PBXNativeTarget "RPL" */;
			buildPhases = (
				9FDD768A30411A3600A62C18 /* Sources */,
				9FDD768B30411A3600A62C18 /* Frameworks */,
				9FDD768C30411A3600A62C18 /* CopyFiles */,
				9FDD787430414F7200A62C18 /* Embed Libraries */,
			);
			buildRules = (
			);
			dependencies = (
				9FDD787330414F7200A62C18 /* PBXTargetDependency */,
			);
			fileSystemSynchronizedGroups = (
				9FDD769030411A3600A62C18 /* RPL */,
			);
			name = RPL;
			productName = RPL;
			productReference = 9FDD768E30411A3600A62C18 /* RPL */;
			productType = "com.apple.product-type.tool";
		};
		9FDD786A30414F5900A62C18 /* librpl */ = {
			isa = PBXNativeTarget;
			buildConfigurationList = 9FDD786C30414F5900A62C18 /* Build configuration list for PBXNativeTarget "librpl" */;
			buildPhases = (
				9FDD786730414F5900A62C18 /* Headers */,
				9FDD786830414F5900A62C18 /* Sources */,
				9FDD786930414F5900A62C18 /* Frameworks */,
			);
			buildRules = (
			);
			fileSystemSynchronizedGroups = (
				9FDD787530414FC500A62C18 /* librpl */,
			);
			name = librpl;
			productName = librpl;
			productReference = 9FDD786B30414F5900A62C18 /* librpl.dylib */;
			productType = "com.apple.product-type.library.dynamic";
		};
/* End PBXNativeTarget section */

/* Begin PBXProject section */
		9FDD768630411A3600A62C18 /* Project object */ = {
			isa = PBXProject;
			attributes = {
				BuildIndependentTargetsInParallel = 1;
				LastUpgradeCheck = 2660;
				ORGANIZATIONNAME = "Base Hit Ventures LLC";
				TargetAttributes = {
					9F4215343042459E00DDEB08 = {
						CreatedOnToolsVersion = 26.6;
					};
					9FDD768D30411A3600A62C18 = {
						CreatedOnToolsVersion = 26.6;
					};
					9FDD786A30414F5900A62C18 = {
						CreatedOnToolsVersion = 26.6;
					};
				};
			};
			buildConfigurationList = 9FDD768930411A3600A62C18 /* Build configuration list for PBXProject "RPL" */;
			developmentRegion = en;
			hasScannedForEncodings = 0;
			knownRegions = (
				en,
				Base,
			);
			mainGroup = 9FDD768530411A3600A62C18;
			minimizedProjectReferenceProxies = 1;
			preferredProjectObjectVersion = 100;
			productRefGroup = 9FDD768F30411A3600A62C18 /* Products */;
			projectDirPath = "";
			projectRoot = "";
			targets = (
				9FDD768D30411A3600A62C18 /* RPL */,
				9FDD786A30414F5900A62C18 /* librpl */,
				9F4215343042459E00DDEB08 /* librplTests */,
			);
		};
/* End PBXProject section */

/* Begin PBXResourcesBuildPhase section */
		9F4215333042459E00DDEB08 /* Resources */ = {
			isa = PBXResourcesBuildPhase;
			files = (
			);
		};
/* End PBXResourcesBuildPhase section */

/* Begin PBXSourcesBuildPhase section */
		9F4215313042459E00DDEB08 /* Sources */ = {
			isa = PBXSourcesBuildPhase;
			files = (
			);
		};
		9FDD768A30411A3600A62C18 /* Sources */ = {
			isa = PBXSourcesBuildPhase;
			files = (
			);
		};
		9FDD786830414F5900A62C18 /* Sources */ = {
			isa = PBXSourcesBuildPhase;
			files = (
			);
		};
/* End PBXSourcesBuildPhase section */

/* Begin PBXTargetDependency section */
		9F42153B3042459E00DDEB08 /* PBXTargetDependency */ = {
			isa = PBXTargetDependency;
			target = 9FDD786A30414F5900A62C18 /* librpl */;
			targetProxy = 9F42153A3042459E00DDEB08 /* PBXContainerItemProxy */;
		};
		9FDD787330414F7200A62C18 /* PBXTargetDependency */ = {
			isa = PBXTargetDependency;
			target = 9FDD786A30414F5900A62C18 /* librpl */;
			targetProxy = 9FDD787230414F7200A62C18 /* PBXContainerItemProxy */;
		};
/* End PBXTargetDependency section */

/* Begin XCBuildConfiguration section */
		9F42153C3042459E00DDEB08 /* Debug configuration for PBXNativeTarget "librplTests" */ = {
			isa = XCBuildConfiguration;
			buildSettings = {
				CODE_SIGN_STYLE = Automatic;
				CURRENT_PROJECT_VERSION = 1;
				DEVELOPMENT_TEAM = V4FN2V327V;
				GCC_PREPROCESSOR_DEFINITIONS = (
					"$(inherited)",
					"$(LIBCHECK_PREPROCESSOR_MACROS)",
				);
				GENERATE_INFOPLIST_FILE = YES;
				LIBCHECK_HEADER_DIR = /opt/local/include;
				LIBCHECK_LDFLAGS = "-lcheck";
				LIBCHECK_LIBRARY_DIR = /opt/local/lib;
				LIBCHECK_PREPROCESSOR_MACROS = "_THREAD_SAFE=1";
				LIBRARY_SEARCH_PATHS = (
					"$(inherited)",
					"$(LIBCHECK_LIBRARY_DIR)",
				);
				MARKETING_VERSION = 1.0;
				OTHER_LDFLAGS = (
					"$(inherited)",
					"$(LIBCHECK_LDFLAGS)",
				);
				PRODUCT_BUNDLE_IDENTIFIER = ventures.basehit.librplTests;
				PRODUCT_NAME = "$(TARGET_NAME)";
				STRING_CATALOG_GENERATE_SYMBOLS = NO;
				SWIFT_EMIT_LOC_STRINGS = NO;
				SYSTEM_HEADER_SEARCH_PATHS = (
					"$(inherited)",
					"$(LIBCHECK_HEADER_DIR)",
				);
			};
			name = Debug;
		};
		9F42153D3042459E00DDEB08 /* Release configuration for PBXNativeTarget "librplTests" */ = {
			isa = XCBuildConfiguration;
			buildSettings = {
				CODE_SIGN_STYLE = Automatic;
				CURRENT_PROJECT_VERSION = 1;
				DEVELOPMENT_TEAM = V4FN2V327V;
				GCC_PREPROCESSOR_DEFINITIONS = (
					"$(inherited)",
					"$(LIBCHECK_PREPROCESSOR_MACROS)",
				);
				GENERATE_INFOPLIST_FILE = YES;
				LIBCHECK_HEADER_DIR = /opt/local/include;
				LIBCHECK_LDFLAGS = "-lcheck";
				LIBCHECK_LIBRARY_DIR = /opt/local/lib;
				LIBCHECK_PREPROCESSOR_MACROS = "_THREAD_SAFE=1";
				LIBRARY_SEARCH_PATHS = (
					"$(inherited)",
					"$(LIBCHECK_LIBRARY_DIR)",
				);
				MARKETING_VERSION = 1.0;
				OTHER_LDFLAGS = (
					"$(inherited)",
					"$(LIBCHECK_LDFLAGS)",
				);
				PRODUCT_BUNDLE_IDENTIFIER = ventures.basehit.librplTests;
				PRODUCT_NAME = "$(TARGET_NAME)";
				STRING_CATALOG_GENERATE_SYMBOLS = NO;
				SWIFT_EMIT_LOC_STRINGS = NO;
				SYSTEM_HEADER_SEARCH_PATHS = (
					"$(inherited)",
					"$(LIBCHECK_HEADER_DIR)",
				);
			};
			name = Release;
		};
		9FDD769330411A3600A62C18 /* Debug configuration for PBXProject "RPL" */ = {
			isa = XCBuildConfiguration;
			buildSettings = {
				ALWAYS_SEARCH_USER_PATHS = NO;
				ASSETCATALOG_COMPILER_GENERATE_SWIFT_ASSET_SYMBOL_EXTENSIONS = YES;
				CLANG_ANALYZER_NONNULL = YES;
				CLANG_ANALYZER_NUMBER_OBJECT_CONVERSION = YES_AGGRESSIVE;
				CLANG_CXX_LANGUAGE_STANDARD = "gnu++20";
				CLANG_ENABLE_MODULES = YES;
				CLANG_ENABLE_OBJC_ARC = YES;
				CLANG_ENABLE_OBJC_WEAK = YES;
				CLANG_WARN_BLOCK_CAPTURE_AUTORELEASING = YES;
				CLANG_WARN_BOOL_CONVERSION = YES;
				CLANG_WARN_COMMA = YES;
				CLANG_WARN_CONSTANT_CONVERSION = YES;
				CLANG_WARN_DEPRECATED_OBJC_IMPLEMENTATIONS = YES;
				CLANG_WARN_DIRECT_OBJC_ISA_USAGE = YES_ERROR;
				CLANG_WARN_DOCUMENTATION_COMMENTS = YES;
				CLANG_WARN_EMPTY_BODY = YES;
				CLANG_WARN_ENUM_CONVERSION = YES;
				CLANG_WARN_INFINITE_RECURSION = YES;
				CLANG_WARN_INT_CONVERSION = YES;
				CLANG_WARN_NON_LITERAL_NULL_CONVERSION = YES;
				CLANG_WARN_OBJC_IMPLICIT_RETAIN_SELF = YES;
				CLANG_WARN_OBJC_LITERAL_CONVERSION = YES;
				CLANG_WARN_OBJC_ROOT_CLASS = YES_ERROR;
				CLANG_WARN_QUOTED_INCLUDE_IN_FRAMEWORK_HEADER = YES;
				CLANG_WARN_RANGE_LOOP_ANALYSIS = YES;
				CLANG_WARN_STRICT_PROTOTYPES = YES;
				CLANG_WARN_SUSPICIOUS_MOVE = YES;
				CLANG_WARN_UNGUARDED_AVAILABILITY = YES_AGGRESSIVE;
				CLANG_WARN_UNREACHABLE_CODE = YES;
				CLANG_WARN__DUPLICATE_METHOD_MATCH = YES;
				COPY_PHASE_STRIP = NO;
				CURRENT_PROJECT_VERSION = 1;
				DEBUG_INFORMATION_FORMAT = dwarf;
				DEVELOPMENT_TEAM = V4FN2V327V;
				ENABLE_STRICT_OBJC_MSGSEND = YES;
				ENABLE_TESTABILITY = YES;
				ENABLE_USER_SCRIPT_SANDBOXING = YES;
				GCC_C_LANGUAGE_STANDARD = gnu17;
				GCC_DYNAMIC_NO_PIC = NO;
				GCC_NO_COMMON_BLOCKS = YES;
				GCC_OPTIMIZATION_LEVEL = 0;
				GCC_PREPROCESSOR_DEFINITIONS = (
					"DEBUG=1",
					"$(inherited)",
				);
				GCC_WARN_64_TO_32_BIT_CONVERSION = YES;
				GCC_WARN_ABOUT_RETURN_TYPE = YES_ERROR;
				GCC_WARN_UNDECLARED_SELECTOR = YES;
				GCC_WARN_UNINITIALIZED_AUTOS = YES_AGGRESSIVE;
				GCC_WARN_UNUSED_FUNCTION = YES;
				GCC_WARN_UNUSED_VARIABLE = YES;
				LOCALIZATION_PREFERS_STRING_CATALOGS = YES;
				MACOSX_DEPLOYMENT_TARGET = 26.5;
				MTL_ENABLE_DEBUG_INFO = INCLUDE_SOURCE;
				MTL_FAST_MATH = YES;
				ONLY_ACTIVE_ARCH = YES;
				SDKROOT = macosx;
				VERSIONING_SYSTEM = "apple-generic";
			};
			name = Debug;
		};
		9FDD769430411A3600A62C18 /* Release configuration for PBXProject "RPL" */ = {
			isa = XCBuildConfiguration;
			buildSettings = {
				ALWAYS_SEARCH_USER_PATHS = NO;
				ASSETCATALOG_COMPILER_GENERATE_SWIFT_ASSET_SYMBOL_EXTENSIONS = YES;
				CLANG_ANALYZER_NONNULL = YES;
				CLANG_ANALYZER_NUMBER_OBJECT_CONVERSION = YES_AGGRESSIVE;
				CLANG_CXX_LANGUAGE_STANDARD = "gnu++20";
				CLANG_ENABLE_MODULES = YES;
				CLANG_ENABLE_OBJC_ARC = YES;
				CLANG_ENABLE_OBJC_WEAK = YES;
				CLANG_WARN_BLOCK_CAPTURE_AUTORELEASING = YES;
				CLANG_WARN_BOOL_CONVERSION = YES;
				CLANG_WARN_COMMA = YES;
				CLANG_WARN_CONSTANT_CONVERSION = YES;
				CLANG_WARN_DEPRECATED_OBJC_IMPLEMENTATIONS = YES;
				CLANG_WARN_DIRECT_OBJC_ISA_USAGE = YES_ERROR;
				CLANG_WARN_DOCUMENTATION_COMMENTS = YES;
				CLANG_WARN_EMPTY_BODY = YES;
				CLANG_WARN_ENUM_CONVERSION = YES;
				CLANG_WARN_INFINITE_RECURSION = YES;
				CLANG_WARN_INT_CONVERSION = YES;
				CLANG_WARN_NON_LITERAL_NULL_CONVERSION = YES;
				CLANG_WARN_OBJC_IMPLICIT_RETAIN_SELF = YES;
				CLANG_WARN_OBJC_LITERAL_CONVERSION = YES;
				CLANG_WARN_OBJC_ROOT_CLASS = YES_ERROR;
				CLANG_WARN_QUOTED_INCLUDE_IN_FRAMEWORK_HEADER = YES;
				CLANG_WARN_RANGE_LOOP_ANALYSIS = YES;
				CLANG_WARN_STRICT_PROTOTYPES = YES;
				CLANG_WARN_SUSPICIOUS_MOVE = YES;
				CLANG_WARN_UNGUARDED_AVAILABILITY = YES_AGGRESSIVE;
				CLANG_WARN_UNREACHABLE_CODE = YES;
				CLANG_WARN__DUPLICATE_METHOD_MATCH = YES;
				COPY_PHASE_STRIP = NO;
				CURRENT_PROJECT_VERSION = 1;
				DEBUG_INFORMATION_FORMAT = "dwarf-with-dsym";
				DEVELOPMENT_TEAM = V4FN2V327V;
				ENABLE_NS_ASSERTIONS = NO;
				ENABLE_STRICT_OBJC_MSGSEND = YES;
				ENABLE_USER_SCRIPT_SANDBOXING = YES;
				GCC_C_LANGUAGE_STANDARD = gnu17;
				GCC_NO_COMMON_BLOCKS = YES;
				GCC_WARN_64_TO_32_BIT_CONVERSION = YES;
				GCC_WARN_ABOUT_RETURN_TYPE = YES_ERROR;
				GCC_WARN_UNDECLARED_SELECTOR = YES;
				GCC_WARN_UNINITIALIZED_AUTOS = YES_AGGRESSIVE;
				GCC_WARN_UNUSED_FUNCTION = YES;
				GCC_WARN_UNUSED_VARIABLE = YES;
				LOCALIZATION_PREFERS_STRING_CATALOGS = YES;
				MACOSX_DEPLOYMENT_TARGET = 26.5;
				MTL_ENABLE_DEBUG_INFO = NO;
				MTL_FAST_MATH = YES;
				SDKROOT = macosx;
				VERSIONING_SYSTEM = "apple-generic";
			};
			name = Release;
		};
		9FDD769630411A3600A62C18 /* Debug configuration for PBXNativeTarget "RPL" */ = {
			isa = XCBuildConfiguration;
			buildSettings = {
				CODE_SIGN_STYLE = Automatic;
				DEVELOPMENT_TEAM = V4FN2V327V;
				ENABLE_HARDENED_RUNTIME = YES;
				PRODUCT_NAME = "$(TARGET_NAME)";
			};
			name = Debug;
		};
		9FDD769730411A3600A62C18 /* Release configuration for PBXNativeTarget "RPL" */ = {
			isa = XCBuildConfiguration;
			buildSettings = {
				CODE_SIGN_STYLE = Automatic;
				DEVELOPMENT_TEAM = V4FN2V327V;
				ENABLE_HARDENED_RUNTIME = YES;
				PRODUCT_NAME = "$(TARGET_NAME)";
			};
			name = Release;
		};
		9FDD786D30414F5900A62C18 /* Debug configuration for PBXNativeTarget "librpl" */ = {
			isa = XCBuildConfiguration;
			buildSettings = {
				CODE_SIGN_STYLE = Automatic;
				DEVELOPMENT_TEAM = V4FN2V327V;
				DYLIB_COMPATIBILITY_VERSION = 1;
				DYLIB_CURRENT_VERSION = 1;
				EXECUTABLE_PREFIX = "";
				PRODUCT_NAME = "$(TARGET_NAME)";
				SKIP_INSTALL = YES;
			};
			name = Debug;
		};
		9FDD786E30414F5900A62C18 /* Release configuration for PBXNativeTarget "librpl" */ = {
			isa = XCBuildConfiguration;
			buildSettings = {
				CODE_SIGN_STYLE = Automatic;
				DEVELOPMENT_TEAM = V4FN2V327V;
				DYLIB_COMPATIBILITY_VERSION = 1;
				DYLIB_CURRENT_VERSION = 1;
				EXECUTABLE_PREFIX = "";
				PRODUCT_NAME = "$(TARGET_NAME)";
				SKIP_INSTALL = YES;
			};
			name = Release;
		};
/* End XCBuildConfiguration section */

/* Begin XCConfigurationList section */
		9F42153E3042459E00DDEB08 /* Build configuration list for PBXNativeTarget "librplTests" */ = {
			isa = XCConfigurationList;
			buildConfigurations = (
				9F42153C3042459E00DDEB08 /* Debug configuration for PBXNativeTarget "librplTests" */,
				9F42153D3042459E00DDEB08 /* Release configuration for PBXNativeTarget "librplTests" */,
			);
			defaultConfigurationName = Release;
		};
		9FDD768930411A3600A62C18 /* Build configuration list for PBXProject "RPL" */ = {
			isa = XCConfigurationList;
			buildConfigurations = (
				9FDD769330411A3600A62C18 /* Debug configuration for PBXProject "RPL" */,
				9FDD769430411A3600A62C18 /* Release configuration for PBXProject "RPL" */,
			);
			defaultConfigurationName = Release;
		};
		9FDD769530411A3600A62C18 /* Build configuration list for PBXNativeTarget "RPL" */ = {
			isa = XCConfigurationList;
			buildConfigurations = (
				9FDD769630411A3600A62C18 /* Debug configuration for PBXNativeTarget "RPL" */,
				9FDD769730411A3600A62C18 /* Release configuration for PBXNativeTarget "RPL" */,
			);
			defaultConfigurationName = Release;
		};
		9FDD786C30414F5900A62C18 /* Build configuration list for PBXNativeTarget "librpl" */ = {
			isa = XCConfigurationList;
			buildConfigurations = (
				9FDD786D30414F5900A62C18 /* Debug configuration for PBXNativeTarget "librpl" */,
				9FDD786E30414F5900A62C18 /* Release configuration for PBXNativeTarget "librpl" */,
			);
			defaultConfigurationName = Release;
		};
/* End XCConfigurationList section */
	};
	rootObject = 9FDD768630411A3600A62C18 /* Project object */;
}
